
Microsoft Visual Studio Solution File, Format Version 12.00
# Visual Studio Version 17
VisualStudioVersion = 17.9.34728.123
MinimumVisualStudioVersion = 10.0.40219.1
Project("{FAE04EC0-301F-11D3-BF4B-00C04F79EFBC}") = "ssd-task", "ssd-task\ssd-task.csproj", "{3933B7A4-5FFE-48F1-B687-78800C8386D1}"
EndProject
Global
	GlobalSection(SolutionConfigurationPlatforms) = preSolution
		Debug|Any CPU = Debug|Any CPU
		Release|Any CPU = Release|Any CPU
	EndGlobalSection
	GlobalSection(ProjectConfigurationPlatforms) = postSolution
		{3933B7A4-5FFE-48F1-B687-78800C8386D1}.Debug|Any CPU.ActiveCfg = Debug|Any CPU
		{3933B7A4-5FFE-48F1-B687-78800C8386D1}.Debug|Any CPU.Build.0 = Debug|Any CPU
		{3933B7A4-5FFE-48F1-B687-78800C8386D1}.Release|Any CPU.ActiveCfg = Release|Any CPU
		{3933B7A4-5FFE-48F1-B687-78800C8386D1}.Release|Any CPU.Build.0 = Release|Any CPU
	EndGlobalSection
	GlobalSection(SolutionProperties) = preSolution
		HideSolutionNode = FALSE
	EndGlobalSection
	GlobalSection(ExtensibilityGlobals) = postSolution
		SolutionGuid = {19C27F81-E7FA-4A6D-B374-AE55B0D53894}
	EndGlobalSection
EndGlobal
